
Microsoft Visual Studio Solution File, Format Version 12.00
# Visual Studio Version 17
VisualStudioVersion = 17.14.36915.13 d17.14
MinimumVisualStudioVersion = 10.0.40219.1
Project("{FAE04EC0-301F-11D3-BF4B-00C04F79EFBC}") = "VehicleInventory.Domain", "VehicleInventory.Domain\VehicleInventory.Domain.csproj", "{5F8DFBEE-531F-4C63-BFE4-6F46C7CA9B6D}"
EndProject
Project("{FAE04EC0-301F-11D3-BF4B-00C04F79EFBC}") = "VehicleInventory.Application", "..\VehicleInventory.Application\VehicleInventory.Application.csproj", "{A5D1A1D2-E1A0-451B-B4DF-805B4364CF40}"
EndProject
Project("{FAE04EC0-301F-11D3-BF4B-00C04F79EFBC}") = "VehicleInventory.Infrastructure", "..\VehicleInventory.Infrastructure\VehicleInventory.Infrastructure.csproj", "{AEA506D3-3C39-4384-A227-DB35E772258C}"
EndProject
Project("{FAE04EC0-301F-11D3-BF4B-00C04F79EFBC}") = "VehicleInventory.WebAPI", "..\VehicleInventory.WebAPI\VehicleInventory.WebAPI.csproj", "{06BBCB13-B3E8-4D50-ACFC-0F9DB519A3B5}"
EndProject
Global
	GlobalSection(SolutionConfigurationPlatforms) = preSolution
		Debug|Any CPU = Debug|Any CPU
		Release|Any CPU = Release|Any CPU
	EndGlobalSection
	GlobalSection(ProjectConfigurationPlatforms) = postSolution
		{5F8DFBEE-531F-4C63-BFE4-6F46C7CA9B6D}.Debug|Any CPU.ActiveCfg = Debug|Any CPU
		{5F8DFBEE-531F-4C63-BFE4-6F46C7CA9B6D}.Debug|Any CPU.Build.0 = Debug|Any CPU
		{5F8DFBEE-531F-4C63-BFE4-6F46C7CA9B6D}.Release|Any CPU.ActiveCfg = Release|Any CPU
		{5F8DFBEE-531F-4C63-BFE4-6F46C7CA9B6D}.Release|Any CPU.Build.0 = Release|Any CPU
		{A5D1A1D2-E1A0-451B-B4DF-805B4364CF40}.Debug|Any CPU.ActiveCfg = Debug|Any CPU
		{A5D1A1D2-E1A0-451B-B4DF-805B4364CF40}.Debug|Any CPU.Build.0 = Debug|Any CPU
		{A5D1A1D2-E1A0-451B-B4DF-805B4364CF40}.Release|Any CPU.ActiveCfg = Release|Any CPU
		{A5D1A1D2-E1A0-451B-B4DF-805B4364CF40}.Release|Any CPU.Build.0 = Release|Any CPU
		{AEA506D3-3C39-4384-A227-DB35E772258C}.Debug|Any CPU.ActiveCfg = Debug|Any CPU
		{AEA506D3-3C39-4384-A227-DB35E772258C}.Debug|Any CPU.Build.0 = Debug|Any CPU
		{AEA506D3-3C39-4384-A227-DB35E772258C}.Release|Any CPU.ActiveCfg = Release|Any CPU
		{AEA506D3-3C39-4384-A227-DB35E772258C}.Release|Any CPU.Build.0 = Release|Any CPU
		{06BBCB13-B3E8-4D50-ACFC-0F9DB519A3B5}.Debug|Any CPU.ActiveCfg = Debug|Any CPU
		{06BBCB13-B3E8-4D50-ACFC-0F9DB519A3B5}.Debug|Any CPU.Build.0 = Debug|Any CPU
		{06BBCB13-B3E8-4D50-ACFC-0F9DB519A3B5}.Release|Any CPU.ActiveCfg = Release|Any CPU
		{06BBCB13-B3E8-4D50-ACFC-0F9DB519A3B5}.Release|Any CPU.Build.0 = Release|Any CPU
	EndGlobalSection
	GlobalSection(SolutionProperties) = preSolution
		HideSolutionNode = FALSE
	EndGlobalSection
	GlobalSection(ExtensibilityGlobals) = postSolution
		SolutionGuid = {07DDEFF8-6F19-4E15-B735-9664A4EDDC84}
	EndGlobalSection
EndGlobal
